Microsoft Visual Studio Solution File, Format Version 12.00
# Visual Studio Version 17
VisualStudioVersion = 17.0.31903.59
MinimumVisualStudioVersion = 10.0.40219.1
Project("{FAE04EC0-301F-11D3-BF4B-00C04F79EFBC}") = "LIS2.Core", "src\LIS2.Core\LIS2.Core.csproj", "{0C11E68F-39BD-4A40-A714-4CC9E0A4C101}"
EndProject
Project("{FAE04EC0-301F-11D3-BF4B-00C04F79EFBC}") = "LIS2.Display", "src\LIS2.Display\LIS2.Display.csproj", "{A4F4D911-59B3-4D75-A853-F45EC6DA2102}"
EndProject
Project("{FAE04EC0-301F-11D3-BF4B-00C04F79EFBC}") = "LIS2.Sources", "src\LIS2.Sources\LIS2.Sources.csproj", "{6BE8807E-58D1-4E7D-BA5A-7BE661221001}"
EndProject
Project("{FAE04EC0-301F-11D3-BF4B-00C04F79EFBC}") = "LIS2.Fans", "src\LIS2.Fans\LIS2.Fans.csproj", "{A91B799F-7617-47FA-9CB4-291555221002}"
EndProject
Project("{FAE04EC0-301F-11D3-BF4B-00C04F79EFBC}") = "LIS2.Winamp", "src\LIS2.Winamp\LIS2.Winamp.csproj", "{781F21A8-6E62-4E5E-A8E1-A21855221003}"
EndProject
Project("{FAE04EC0-301F-11D3-BF4B-00C04F79EFBC}") = "LIS2.App", "src\LIS2.App\LIS2.App.csproj", "{3C41882A-72D5-43D6-A8C1-D358B5503103}"
EndProject
Project("{FAE04EC0-301F-11D3-BF4B-00C04F79EFBC}") = "LIS2.ProtocolTester", "tools\LIS2.ProtocolTester\LIS2.ProtocolTester.csproj", "{5D7C0A1D-7A36-4D53-A5C7-0D9A84DAA101}"
EndProject
Project("{FAE04EC0-301F-11D3-BF4B-00C04F79EFBC}") = "LIS2.WinampSimulator", "tools\LIS2.WinampSimulator\LIS2.WinampSimulator.csproj", "{D79175D6-E5A2-46F9-B208-411F01221004}"
EndProject
Project("{FAE04EC0-301F-11D3-BF4B-00C04F79EFBC}") = "LIS2.Core.Tests", "tests\LIS2.Core.Tests\LIS2.Core.Tests.csproj", "{D0B6272E-A002-49DD-BA84-A2F4E1A02010}"
EndProject
Project("{FAE04EC0-301F-11D3-BF4B-00C04F79EFBC}") = "LIS2.Display.Tests", "tests\LIS2.Display.Tests\LIS2.Display.Tests.csproj", "{8DEB3F3E-3479-49C7-9DFD-91BA2A102011}"
EndProject
Project("{FAE04EC0-301F-11D3-BF4B-00C04F79EFBC}") = "LIS2.Sources.Tests", "tests\LIS2.Sources.Tests\LIS2.Sources.Tests.csproj", "{92DD4FC9-1DA0-48F6-8B93-7CC8C1202012}"
EndProject
Project("{FAE04EC0-301F-11D3-BF4B-00C04F79EFBC}") = "LIS2.Fans.Tests", "tests\LIS2.Fans.Tests\LIS2.Fans.Tests.csproj", "{EC95FB35-651E-44A0-8E80-3E219D202013}"
EndProject
Project("{FAE04EC0-301F-11D3-BF4B-00C04F79EFBC}") = "LIS2.Winamp.Tests", "tests\LIS2.Winamp.Tests\LIS2.Winamp.Tests.csproj", "{14EEC12B-98E5-417C-BDFC-921EA2202014}"
EndProject
Global
	GlobalSection(SolutionConfigurationPlatforms) = preSolution
		Debug|Any CPU = Debug|Any CPU
		Release|Any CPU = Release|Any CPU
	EndGlobalSection
	GlobalSection(ProjectConfigurationPlatforms) = postSolution
		{0C11E68F-39BD-4A40-A714-4CC9E0A4C101}.Debug|Any CPU.ActiveCfg = Debug|Any CPU
		{0C11E68F-39BD-4A40-A714-4CC9E0A4C101}.Debug|Any CPU.Build.0 = Debug|Any CPU
		{0C11E68F-39BD-4A40-A714-4CC9E0A4C101}.Release|Any CPU.ActiveCfg = Release|Any CPU
		{0C11E68F-39BD-4A40-A714-4CC9E0A4C101}.Release|Any CPU.Build.0 = Release|Any CPU
		{A4F4D911-59B3-4D75-A853-F45EC6DA2102}.Debug|Any CPU.ActiveCfg = Debug|Any CPU
		{A4F4D911-59B3-4D75-A853-F45EC6DA2102}.Debug|Any CPU.Build.0 = Debug|Any CPU
		{A4F4D911-59B3-4D75-A853-F45EC6DA2102}.Release|Any CPU.ActiveCfg = Release|Any CPU
		{A4F4D911-59B3-4D75-A853-F45EC6DA2102}.Release|Any CPU.Build.0 = Release|Any CPU
		{6BE8807E-58D1-4E7D-BA5A-7BE661221001}.Debug|Any CPU.ActiveCfg = Debug|Any CPU
		{6BE8807E-58D1-4E7D-BA5A-7BE661221001}.Debug|Any CPU.Build.0 = Debug|Any CPU
		{6BE8807E-58D1-4E7D-BA5A-7BE661221001}.Release|Any CPU.ActiveCfg = Release|Any CPU
		{6BE8807E-58D1-4E7D-BA5A-7BE661221001}.Release|Any CPU.Build.0 = Release|Any CPU
		{A91B799F-7617-47FA-9CB4-291555221002}.Debug|Any CPU.ActiveCfg = Debug|Any CPU
		{A91B799F-7617-47FA-9CB4-291555221002}.Debug|Any CPU.Build.0 = Debug|Any CPU
		{A91B799F-7617-47FA-9CB4-291555221002}.Release|Any CPU.ActiveCfg = Release|Any CPU
		{A91B799F-7617-47FA-9CB4-291555221002}.Release|Any CPU.Build.0 = Release|Any CPU
		{781F21A8-6E62-4E5E-A8E1-A21855221003}.Debug|Any CPU.ActiveCfg = Debug|Any CPU
		{781F21A8-6E62-4E5E-A8E1-A21855221003}.Debug|Any CPU.Build.0 = Debug|Any CPU
		{781F21A8-6E62-4E5E-A8E1-A21855221003}.Release|Any CPU.ActiveCfg = Release|Any CPU
		{781F21A8-6E62-4E5E-A8E1-A21855221003}.Release|Any CPU.Build.0 = Release|Any CPU
		{3C41882A-72D5-43D6-A8C1-D358B5503103}.Debug|Any CPU.ActiveCfg = Debug|Any CPU
		{3C41882A-72D5-43D6-A8C1-D358B5503103}.Debug|Any CPU.Build.0 = Debug|Any CPU
		{3C41882A-72D5-43D6-A8C1-D358B5503103}.Release|Any CPU.ActiveCfg = Release|Any CPU
		{3C41882A-72D5-43D6-A8C1-D358B5503103}.Release|Any CPU.Build.0 = Release|Any CPU
		{5D7C0A1D-7A36-4D53-A5C7-0D9A84DAA101}.Debug|Any CPU.ActiveCfg = Debug|Any CPU
		{5D7C0A1D-7A36-4D53-A5C7-0D9A84DAA101}.Debug|Any CPU.Build.0 = Debug|Any CPU
		{5D7C0A1D-7A36-4D53-A5C7-0D9A84DAA101}.Release|Any CPU.ActiveCfg = Release|Any CPU
		{5D7C0A1D-7A36-4D53-A5C7-0D9A84DAA101}.Release|Any CPU.Build.0 = Release|Any CPU
		{D79175D6-E5A2-46F9-B208-411F01221004}.Debug|Any CPU.ActiveCfg = Debug|Any CPU
		{D79175D6-E5A2-46F9-B208-411F01221004}.Debug|Any CPU.Build.0 = Debug|Any CPU
		{D79175D6-E5A2-46F9-B208-411F01221004}.Release|Any CPU.ActiveCfg = Release|Any CPU
		{D79175D6-E5A2-46F9-B208-411F01221004}.Release|Any CPU.Build.0 = Release|Any CPU
		{D0B6272E-A002-49DD-BA84-A2F4E1A02010}.Debug|Any CPU.ActiveCfg = Debug|Any CPU
		{D0B6272E-A002-49DD-BA84-A2F4E1A02010}.Debug|Any CPU.Build.0 = Debug|Any CPU
		{D0B6272E-A002-49DD-BA84-A2F4E1A02010}.Release|Any CPU.ActiveCfg = Release|Any CPU
		{D0B6272E-A002-49DD-BA84-A2F4E1A02010}.Release|Any CPU.Build.0 = Release|Any CPU
		{8DEB3F3E-3479-49C7-9DFD-91BA2A102011}.Debug|Any CPU.ActiveCfg = Debug|Any CPU
		{8DEB3F3E-3479-49C7-9DFD-91BA2A102011}.Debug|Any CPU.Build.0 = Debug|Any CPU
		{8DEB3F3E-3479-49C7-9DFD-91BA2A102011}.Release|Any CPU.ActiveCfg = Release|Any CPU
		{8DEB3F3E-3479-49C7-9DFD-91BA2A102011}.Release|Any CPU.Build.0 = Release|Any CPU
		{92DD4FC9-1DA0-48F6-8B93-7CC8C1202012}.Debug|Any CPU.ActiveCfg = Debug|Any CPU
		{92DD4FC9-1DA0-48F6-8B93-7CC8C1202012}.Debug|Any CPU.Build.0 = Debug|Any CPU
		{92DD4FC9-1DA0-48F6-8B93-7CC8C1202012}.Release|Any CPU.ActiveCfg = Release|Any CPU
		{92DD4FC9-1DA0-48F6-8B93-7CC8C1202012}.Release|Any CPU.Build.0 = Release|Any CPU
		{EC95FB35-651E-44A0-8E80-3E219D202013}.Debug|Any CPU.ActiveCfg = Debug|Any CPU
		{EC95FB35-651E-44A0-8E80-3E219D202013}.Debug|Any CPU.Build.0 = Debug|Any CPU
		{EC95FB35-651E-44A0-8E80-3E219D202013}.Release|Any CPU.ActiveCfg = Release|Any CPU
		{EC95FB35-651E-44A0-8E80-3E219D202013}.Release|Any CPU.Build.0 = Release|Any CPU
		{14EEC12B-98E5-417C-BDFC-921EA2202014}.Debug|Any CPU.ActiveCfg = Debug|Any CPU
		{14EEC12B-98E5-417C-BDFC-921EA2202014}.Debug|Any CPU.Build.0 = Debug|Any CPU
		{14EEC12B-98E5-417C-BDFC-921EA2202014}.Release|Any CPU.ActiveCfg = Release|Any CPU
		{14EEC12B-98E5-417C-BDFC-921EA2202014}.Release|Any CPU.Build.0 = Release|Any CPU
	EndGlobalSection
EndGlobal
